
Microsoft Visual Studio Solution File, Format Version 12.00
# Visual Studio 15
VisualStudioVersion = 15.0.27428.2037
MinimumVisualStudioVersion = 10.0.40219.1
Project("{FAE04EC0-301F-11D3-BF4B-00C04F79EFBC}") = "List", "List\List.csproj", "{331460C2-7B66-47F7-9628-0347235DCC6D}"
EndProject
Global
	GlobalSection(SolutionConfigurationPlatforms) = preSolution
		Debug|Any CPU = Debug|Any CPU
		Release|Any CPU = Release|Any CPU
	EndGlobalSection
	GlobalSection(ProjectConfigurationPlatforms) = postSolution
		{331460C2-7B66-47F7-9628-0347235DCC6D}.Debug|Any CPU.ActiveCfg = Debug|Any CPU
		{331460C2-7B66-47F7-9628-0347235DCC6D}.Debug|Any CPU.Build.0 = Debug|Any CPU
		{331460C2-7B66-47F7-9628-0347235DCC6D}.Release|Any CPU.ActiveCfg = Release|Any CPU
		{331460C2-7B66-47F7-9628-0347235DCC6D}.Release|Any CPU.Build.0 = Release|Any CPU
	EndGlobalSection
	GlobalSection(SolutionProperties) = preSolution
		HideSolutionNode = FALSE
	EndGlobalSection
	GlobalSection(ExtensibilityGlobals) = postSolution
		SolutionGuid = {1E024DB6-F5C8-4F06-8626-693E0C727FCC}
	EndGlobalSection
EndGlobal
