
Microsoft Visual Studio Solution File, Format Version 12.00
# Visual Studio 15
VisualStudioVersion = 15.0.27428.2037
MinimumVisualStudioVersion = 10.0.40219.1
Project("{FAE04EC0-301F-11D3-BF4B-00C04F79EFBC}") = "SortTheList", "SortTheList\SortTheList.csproj", "{43B4D0B8-9665-4B40-A017-4958AA7AC2B7}"
EndProject
Global
	GlobalSection(SolutionConfigurationPlatforms) = preSolution
		Debug|Any CPU = Debug|Any CPU
		Release|Any CPU = Release|Any CPU
	EndGlobalSection
	GlobalSection(ProjectConfigurationPlatforms) = postSolution
		{43B4D0B8-9665-4B40-A017-4958AA7AC2B7}.Debug|Any CPU.ActiveCfg = Debug|Any CPU
		{43B4D0B8-9665-4B40-A017-4958AA7AC2B7}.Debug|Any CPU.Build.0 = Debug|Any CPU
		{43B4D0B8-9665-4B40-A017-4958AA7AC2B7}.Release|Any CPU.ActiveCfg = Release|Any CPU
		{43B4D0B8-9665-4B40-A017-4958AA7AC2B7}.Release|Any CPU.Build.0 = Release|Any CPU
	EndGlobalSection
	GlobalSection(SolutionProperties) = preSolution
		HideSolutionNode = FALSE
	EndGlobalSection
	GlobalSection(ExtensibilityGlobals) = postSolution
		SolutionGuid = {67A212DF-C3C4-4EB0-9846-39E99D1CF1F6}
	EndGlobalSection
EndGlobal
